
Microsoft Visual Studio Solution File, Format Version 12.00
Project("{FAE04EC0-301F-11D3-BF4B-00C04F79EFBC}") = "RPS.API", "RPS.API\RPS.API.csproj", "{50F103F0-8D1F-4700-991D-0561763223B6}"
EndProject
Project("{FAE04EC0-301F-11D3-BF4B-00C04F79EFBC}") = "RPS.Application", "RPS.Application\RPS.Application.csproj", "{74024FDE-F736-46BE-A329-668945F131BB}"
EndProject
Project("{FAE04EC0-301F-11D3-BF4B-00C04F79EFBC}") = "RPS.Infrastructure", "RPS.Infrastructure\RPS.Infrastructure.csproj", "{B7A32580-191B-4A1B-9FEE-4D728D8A8B79}"
EndProject
Project("{FAE04EC0-301F-11D3-BF4B-00C04F79EFBC}") = "RPS.Domain", "RPS.Domain\RPS.Domain.csproj", "{5B3DE11B-5339-4918-BB98-05349DE9322B}"
EndProject
Project("{2150E333-8FDC-42A3-9474-1A3956D46DE8}") = "RPS", "RPS", "{616C0AD2-4A35-4299-8D98-543E26AE98C6}"
EndProject
Project("{FAE04EC0-301F-11D3-BF4B-00C04F79EFBC}") = "RPS.Shared", "RPS.Shared\RPS.Shared.csproj", "{E6A935EC-3E64-4A28-A6C8-F885E1737536}"
EndProject
Global
	GlobalSection(SolutionConfigurationPlatforms) = preSolution
		Debug|Any CPU = Debug|Any CPU
		Release|Any CPU = Release|Any CPU
	EndGlobalSection
	GlobalSection(ProjectConfigurationPlatforms) = postSolution
		{50F103F0-8D1F-4700-991D-0561763223B6}.Debug|Any CPU.ActiveCfg = Debug|Any CPU
		{50F103F0-8D1F-4700-991D-0561763223B6}.Debug|Any CPU.Build.0 = Debug|Any CPU
		{50F103F0-8D1F-4700-991D-0561763223B6}.Release|Any CPU.ActiveCfg = Release|Any CPU
		{50F103F0-8D1F-4700-991D-0561763223B6}.Release|Any CPU.Build.0 = Release|Any CPU
		{74024FDE-F736-46BE-A329-668945F131BB}.Debug|Any CPU.ActiveCfg = Debug|Any CPU
		{74024FDE-F736-46BE-A329-668945F131BB}.Debug|Any CPU.Build.0 = Debug|Any CPU
		{74024FDE-F736-46BE-A329-668945F131BB}.Release|Any CPU.ActiveCfg = Release|Any CPU
		{74024FDE-F736-46BE-A329-668945F131BB}.Release|Any CPU.Build.0 = Release|Any CPU
		{B7A32580-191B-4A1B-9FEE-4D728D8A8B79}.Debug|Any CPU.ActiveCfg = Debug|Any CPU
		{B7A32580-191B-4A1B-9FEE-4D728D8A8B79}.Debug|Any CPU.Build.0 = Debug|Any CPU
		{B7A32580-191B-4A1B-9FEE-4D728D8A8B79}.Release|Any CPU.ActiveCfg = Release|Any CPU
		{B7A32580-191B-4A1B-9FEE-4D728D8A8B79}.Release|Any CPU.Build.0 = Release|Any CPU
		{5B3DE11B-5339-4918-BB98-05349DE9322B}.Debug|Any CPU.ActiveCfg = Debug|Any CPU
		{5B3DE11B-5339-4918-BB98-05349DE9322B}.Debug|Any CPU.Build.0 = Debug|Any CPU
		{5B3DE11B-5339-4918-BB98-05349DE9322B}.Release|Any CPU.ActiveCfg = Release|Any CPU
		{5B3DE11B-5339-4918-BB98-05349DE9322B}.Release|Any CPU.Build.0 = Release|Any CPU
		{E6A935EC-3E64-4A28-A6C8-F885E1737536}.Debug|Any CPU.ActiveCfg = Debug|Any CPU
		{E6A935EC-3E64-4A28-A6C8-F885E1737536}.Debug|Any CPU.Build.0 = Debug|Any CPU
		{E6A935EC-3E64-4A28-A6C8-F885E1737536}.Release|Any CPU.ActiveCfg = Release|Any CPU
		{E6A935EC-3E64-4A28-A6C8-F885E1737536}.Release|Any CPU.Build.0 = Release|Any CPU
	EndGlobalSection
	GlobalSection(NestedProjects) = preSolution
		{50F103F0-8D1F-4700-991D-0561763223B6} = {616C0AD2-4A35-4299-8D98-543E26AE98C6}
		{74024FDE-F736-46BE-A329-668945F131BB} = {616C0AD2-4A35-4299-8D98-543E26AE98C6}
		{5B3DE11B-5339-4918-BB98-05349DE9322B} = {616C0AD2-4A35-4299-8D98-543E26AE98C6}
		{B7A32580-191B-4A1B-9FEE-4D728D8A8B79} = {616C0AD2-4A35-4299-8D98-543E26AE98C6}
		{E6A935EC-3E64-4A28-A6C8-F885E1737536} = {616C0AD2-4A35-4299-8D98-543E26AE98C6}
	EndGlobalSection
EndGlobal
